
Microsoft Visual Studio Solution File, Format Version 12.00
# Visual Studio 15
VisualStudioVersion = 15.0.26730.3
MinimumVisualStudioVersion = 10.0.40219.1
Project("{9A19103F-16F7-4668-BE54-9A1E7A4F7556}") = "facebook-demo", "facebook-demo.csproj", "{3FE3DF7E-E315-49F9-925C-9E5BEFA0096B}"
EndProject
Global
	GlobalSection(SolutionConfigurationPlatforms) = preSolution
		Debug|Any CPU = Debug|Any CPU
		Release|Any CPU = Release|Any CPU
	EndGlobalSection
	GlobalSection(ProjectConfigurationPlatforms) = postSolution
		{3FE3DF7E-E315-49F9-925C-9E5BEFA0096B}.Debug|Any CPU.ActiveCfg = Debug|Any CPU
		{3FE3DF7E-E315-49F9-925C-9E5BEFA0096B}.Debug|Any CPU.Build.0 = Debug|Any CPU
		{3FE3DF7E-E315-49F9-925C-9E5BEFA0096B}.Release|Any CPU.ActiveCfg = Release|Any CPU
		{3FE3DF7E-E315-49F9-925C-9E5BEFA0096B}.Release|Any CPU.Build.0 = Release|Any CPU
	EndGlobalSection
	GlobalSection(SolutionProperties) = preSolution
		HideSolutionNode = FALSE
	EndGlobalSection
	GlobalSection(ExtensibilityGlobals) = postSolution
		SolutionGuid = {0831BCFF-2628-4AC3-81BD-4E74A29D6DFC}
	EndGlobalSection
EndGlobal
